
Microsoft Visual Studio Solution File, Format Version 12.00
# Visual Studio Version 17
VisualStudioVersion = 17.13.35913.81 d17.13
MinimumVisualStudioVersion = 10.0.40219.1
Project("{FAE04EC0-301F-11D3-BF4B-00C04F79EFBC}") = "Lab2", "Lab2\Lab2.csproj", "{3E391D74-5710-4A34-95FB-CB1487CBB052}"
EndProject
Global
	GlobalSection(SolutionConfigurationPlatforms) = preSolution
		Debug|Any CPU = Debug|Any CPU
		Release|Any CPU = Release|Any CPU
	EndGlobalSection
	GlobalSection(ProjectConfigurationPlatforms) = postSolution
		{3E391D74-5710-4A34-95FB-CB1487CBB052}.Debug|Any CPU.ActiveCfg = Debug|Any CPU
		{3E391D74-5710-4A34-95FB-CB1487CBB052}.Debug|Any CPU.Build.0 = Debug|Any CPU
		{3E391D74-5710-4A34-95FB-CB1487CBB052}.Release|Any CPU.ActiveCfg = Release|Any CPU
		{3E391D74-5710-4A34-95FB-CB1487CBB052}.Release|Any CPU.Build.0 = Release|Any CPU
	EndGlobalSection
	GlobalSection(SolutionProperties) = preSolution
		HideSolutionNode = FALSE
	EndGlobalSection
	GlobalSection(ExtensibilityGlobals) = postSolution
		SolutionGuid = {2DF1F71F-D93D-4B27-AF2A-122D6E6A10A5}
	EndGlobalSection
EndGlobal
